<?xml version="1.0" encoding="utf-8"?>
<Project ToolsVersion="4.0" xmlns="http://schemas.microsoft.com/developer/msbuild/2003">
  <ItemGroup>
    <Filter Include="Source Files">
      <UniqueIdentifier>{4FC737F1-C7A5-4376-A066-2A32D752A2FF}</UniqueIdentifier>
      <Extensions>cpp;cxx;c;def</Extensions>
    </Filter>
    <Filter Include="Form Files">
      <UniqueIdentifier>{99349809-55BA-4b9d-BF79-8FDBB0286EB3}</UniqueIdentifier>
      <Extensions>ui</Extensions>
    </Filter>
    <Filter Include="Resource Files">
      <UniqueIdentifier>{D9D6E242-F8AF-46E4-B9FD-80ECBC20BA3E}</UniqueIdentifier>
      <Extensions>qrc;*</Extensions>
      <ParseFiles>false</ParseFiles>
    </Filter>
    <Filter Include="Generated Files">
      <UniqueIdentifier>{71ED8ED8-ACB9-4CE9-BBE1-E00B30144E11}</UniqueIdentifier>
      <Extensions>moc;h;cpp</Extensions>
      <SourceControlFiles>False</SourceControlFiles>
    </Filter>
    <Filter Include="Generated Files\Debug">
      <UniqueIdentifier>{fe250641-3612-4d87-9376-ea1498c60cee}</UniqueIdentifier>
      <Extensions>cpp;moc</Extensions>
      <SourceControlFiles>False</SourceControlFiles>
    </Filter>
    <Filter Include="Generated Files\Release">
      <UniqueIdentifier>{d6448712-a417-4f7b-ac25-bb16177cc1c5}</UniqueIdentifier>
      <Extensions>cpp;moc</Extensions>
      <SourceControlFiles>False</SourceControlFiles>
    </Filter>
    <Filter Include="Source Files\View">
      <UniqueIdentifier>{b677f4a3-0eac-425a-b18b-1df5318c7e34}</UniqueIdentifier>
    </Filter>
    <Filter Include="Source Files\Main">
      <UniqueIdentifier>{7b673c50-623b-43ea-b385-ca9a7c0284d6}</UniqueIdentifier>
    </Filter>
    <Filter Include="Source Files\Model">
      <UniqueIdentifier>{50c833ad-459f-4fe2-8a8d-19a59aa51e58}</UniqueIdentifier>
    </Filter>
    <Filter Include="Source Files\Controller">
      <UniqueIdentifier>{26492c02-d186-472e-961c-7af04e705ba3}</UniqueIdentifier>
    </Filter>
  </ItemGroup>
  <ItemGroup>
    <ClCompile Include="GeneratedFiles\qrc_partsmaker2.cpp">
      <Filter>Generated Files</Filter>
    </ClCompile>
    <ClCompile Include="GeneratedFiles\Debug\moc_MainWindow.cpp">
      <Filter>Generated Files\Debug</Filter>
    </ClCompile>
    <ClCompile Include="GeneratedFiles\Release\moc_MainWindow.cpp">
      <Filter>Generated Files\Release</Filter>
    </ClCompile>
    <ClCompile Include="GeneratedFiles\Debug\moc_DepthViewBase.cpp">
      <Filter>Generated Files\Debug</Filter>
    </ClCompile>
    <ClCompile Include="GeneratedFiles\Release\moc_DepthViewBase.cpp">
      <Filter>Generated Files\Release</Filter>
    </ClCompile>
    <ClCompile Include="GeneratedFiles\Debug\moc_EditViewBase.cpp">
      <Filter>Generated Files\Debug</Filter>
    </ClCompile>
    <ClCompile Include="GeneratedFiles\Release\moc_EditViewBase.cpp">
      <Filter>Generated Files\Release</Filter>
    </ClCompile>
    <ClCompile Include="EditViewBase.cpp">
      <Filter>Source Files\View</Filter>
    </ClCompile>
    <ClCompile Include="EditViewSrc.cpp">
      <Filter>Source Files\View</Filter>
    </ClCompile>
    <ClCompile Include="DepthViewBase.cpp">
      <Filter>Source Files\View</Filter>
    </ClCompile>
    <ClCompile Include="main.cpp">
      <Filter>Source Files\Main</Filter>
    </ClCompile>
    <ClCompile Include="ObjectManager.cpp">
      <Filter>Source Files\Main</Filter>
    </ClCompile>
    <ClCompile Include="AnimeFrame.cpp">
      <Filter>Source Files\Model</Filter>
    </ClCompile>
    <ClCompile Include="ClosedRegion.cpp">
      <Filter>Source Files\Model</Filter>
    </ClCompile>
    <ClCompile Include="Config.cpp">
      <Filter>Source Files\Model</Filter>
    </ClCompile>
    <ClCompile Include="SegmentationDriver.cpp">
      <Filter>Source Files\Model</Filter>
    </ClCompile>
    <ClCompile Include="Utility.cpp">
      <Filter>Source Files\Model</Filter>
    </ClCompile>
    <ClCompile Include="ScribbleBrush.cpp">
      <Filter>Source Files\Controller</Filter>
    </ClCompile>
    <ClCompile Include="MainWindow.cpp">
      <Filter>Source Files\View</Filter>
    </ClCompile>
    <ClCompile Include="EditViewDst.cpp">
      <Filter>Source Files\View</Filter>
    </ClCompile>
    <ClCompile Include="EditWindow.cpp">
      <Filter>Source Files\View</Filter>
    </ClCompile>
    <ClCompile Include="GeneratedFiles\Debug\moc_EditWindow.cpp">
      <Filter>Generated Files\Debug</Filter>
    </ClCompile>
    <ClCompile Include="GeneratedFiles\Release\moc_EditWindow.cpp">
      <Filter>Generated Files\Release</Filter>
    </ClCompile>
    <ClCompile Include="RegionMatchHandler.cpp">
      <Filter>Source Files\Model</Filter>
    </ClCompile>
    <ClCompile Include="ContourFourierDescriptor.cpp">
      <Filter>Source Files\Model</Filter>
    </ClCompile>
    <ClCompile Include="GeneratedFiles\Debug\moc_ModifierView.cpp">
      <Filter>Generated Files\Debug</Filter>
    </ClCompile>
    <ClCompile Include="GeneratedFiles\Release\moc_ModifierView.cpp">
      <Filter>Generated Files\Release</Filter>
    </ClCompile>
    <ClCompile Include="ModifierView.cpp">
      <Filter>Source Files\View</Filter>
    </ClCompile>
    <ClCompile Include="ModifierWindow.cpp">
      <Filter>Source Files\View</Filter>
    </ClCompile>
    <ClCompile Include="GeneratedFiles\Debug\moc_ModifierWindow.cpp">
      <Filter>Generated Files\Debug</Filter>
    </ClCompile>
    <ClCompile Include="GeneratedFiles\Release\moc_ModifierWindow.cpp">
      <Filter>Generated Files\Release</Filter>
    </ClCompile>
    <ClCompile Include="Dialogs.cpp">
      <Filter>Source Files\View</Filter>
    </ClCompile>
    <ClCompile Include="GeneratedFiles\Debug\moc_Dialogs.cpp">
      <Filter>Generated Files\Debug</Filter>
    </ClCompile>
    <ClCompile Include="GeneratedFiles\Release\moc_Dialogs.cpp">
      <Filter>Generated Files\Release</Filter>
    </ClCompile>
  </ItemGroup>
  <ItemGroup>
    <CustomBuild Include="partsmaker2.ui">
      <Filter>Form Files</Filter>
    </CustomBuild>
    <CustomBuild Include="partsmaker2.qrc">
      <Filter>Resource Files</Filter>
    </CustomBuild>
    <CustomBuild Include="DepthViewBase.h">
      <Filter>Source Files\View</Filter>
    </CustomBuild>
    <CustomBuild Include="EditViewBase.h">
      <Filter>Source Files\View</Filter>
    </CustomBuild>
    <CustomBuild Include="MainWindow.h">
      <Filter>Source Files\View</Filter>
    </CustomBuild>
    <CustomBuild Include="EditWindow.h">
      <Filter>Source Files\View</Filter>
    </CustomBuild>
    <CustomBuild Include="ModifierView.h">
      <Filter>Source Files\View</Filter>
    </CustomBuild>
    <CustomBuild Include="ModifierWindow.h">
      <Filter>Source Files\View</Filter>
    </CustomBuild>
    <CustomBuild Include="Dialogs.h">
      <Filter>Source Files\View</Filter>
    </CustomBuild>
  </ItemGroup>
  <ItemGroup>
    <ClInclude Include="GeneratedFiles\ui_partsmaker2.h">
      <Filter>Generated Files</Filter>
    </ClInclude>
    <ClInclude Include="EditViewSrc.h">
      <Filter>Source Files\View</Filter>
    </ClInclude>
    <ClInclude Include="ObjectManager.h">
      <Filter>Source Files\Main</Filter>
    </ClInclude>
    <ClInclude Include="Utility.h">
      <Filter>Source Files\Model</Filter>
    </ClInclude>
    <ClInclude Include="SegmentationDriver.h">
      <Filter>Source Files\Model</Filter>
    </ClInclude>
    <ClInclude Include="OpenCVImageIO.h">
      <Filter>Source Files\Model</Filter>
    </ClInclude>
    <ClInclude Include="my_algebra.h">
      <Filter>Source Files\Model</Filter>
    </ClInclude>
    <ClInclude Include="ivec.h">
      <Filter>Source Files\Model</Filter>
    </ClInclude>
    <ClInclude Include="ImageRect.h">
      <Filter>Source Files\Model</Filter>
    </ClInclude>
    <ClInclude Include="Config.h">
      <Filter>Source Files\Model</Filter>
    </ClInclude>
    <ClInclude Include="ClosedRegion.h">
      <Filter>Source Files\Model</Filter>
    </ClInclude>
    <ClInclude Include="AnimeFrame.h">
      <Filter>Source Files\Model</Filter>
    </ClInclude>
    <ClInclude Include="ScribbleBrush.h">
      <Filter>Source Files\Controller</Filter>
    </ClInclude>
    <ClInclude Include="EditViewDst.h">
      <Filter>Source Files\View</Filter>
    </ClInclude>
    <ClInclude Include="RegionMatchHandler.h">
      <Filter>Source Files\Model</Filter>
    </ClInclude>
    <ClInclude Include="ContourFourierDescriptor.h">
      <Filter>Source Files\Model</Filter>
    </ClInclude>
  </ItemGroup>
</Project>